
Microsoft Visual Studio Solution File, Format Version 12.00
# Visual Studio Version 16
VisualStudioVersion = 16.0.31613.86
MinimumVisualStudioVersion = 10.0.40219.1
Project("{FAE04EC0-301F-11D3-BF4B-00C04F79EFBC}") = "WebApplication1", "WebApplication1\WebApplication1.csproj", "{EDDBA525-D81C-4475-B1A1-56B72943C626}"
EndProject
Project("{2150E333-8FDC-42A3-9474-1A3956D46DE8}") = "Solution Items", "Solution Items", "{71F1E257-3343-4A0D-9212-64E5DB830B7C}"
	ProjectSection(SolutionItems) = preProject
		LICENSE = LICENSE
		README.md = README.md
	EndProjectSection
EndProject
Global
	GlobalSection(SolutionConfigurationPlatforms) = preSolution
		Debug|Any CPU = Debug|Any CPU
		Release|Any CPU = Release|Any CPU
	EndGlobalSection
	GlobalSection(ProjectConfigurationPlatforms) = postSolution
		{EDDBA525-D81C-4475-B1A1-56B72943C626}.Debug|Any CPU.ActiveCfg = Debug|Any CPU
		{EDDBA525-D81C-4475-B1A1-56B72943C626}.Debug|Any CPU.Build.0 = Debug|Any CPU
		{EDDBA525-D81C-4475-B1A1-56B72943C626}.Release|Any CPU.ActiveCfg = Release|Any CPU
		{EDDBA525-D81C-4475-B1A1-56B72943C626}.Release|Any CPU.Build.0 = Release|Any CPU
	EndGlobalSection
	GlobalSection(SolutionProperties) = preSolution
		HideSolutionNode = FALSE
	EndGlobalSection
	GlobalSection(ExtensibilityGlobals) = postSolution
		SolutionGuid = {4C4D1F6E-043D-4D8D-8A18-F0516BD8E1C7}
	EndGlobalSection
EndGlobal
